
Microsoft Visual Studio Solution File, Format Version 12.00
# Visual Studio Version 17
VisualStudioVersion = 17.14.36915.13 d17.14
MinimumVisualStudioVersion = 10.0.40219.1
Project("{FAE04EC0-301F-11D3-BF4B-00C04F79EFBC}") = "Printers.api", "Printers.api\Printers.api.csproj", "{99E6B886-10DB-4341-80F7-188E58393B1F}"
EndProject
Global
	GlobalSection(SolutionConfigurationPlatforms) = preSolution
		Debug|Any CPU = Debug|Any CPU
		Release|Any CPU = Release|Any CPU
	EndGlobalSection
	GlobalSection(ProjectConfigurationPlatforms) = postSolution
		{99E6B886-10DB-4341-80F7-188E58393B1F}.Debug|Any CPU.ActiveCfg = Debug|Any CPU
		{99E6B886-10DB-4341-80F7-188E58393B1F}.Debug|Any CPU.Build.0 = Debug|Any CPU
		{99E6B886-10DB-4341-80F7-188E58393B1F}.Release|Any CPU.ActiveCfg = Release|Any CPU
		{99E6B886-10DB-4341-80F7-188E58393B1F}.Release|Any CPU.Build.0 = Release|Any CPU
	EndGlobalSection
	GlobalSection(SolutionProperties) = preSolution
		HideSolutionNode = FALSE
	EndGlobalSection
	GlobalSection(ExtensibilityGlobals) = postSolution
		SolutionGuid = {05DE2F0E-3874-4FA2-AD4D-A5C497D2044D}
	EndGlobalSection
EndGlobal
